{
  "version": 4,
  "terraform_version": "1.1.5",
  "serial": 3,
  "lineage": "f08ff001-f2ae-653b-3d79-4f6e884f16bb",
  "outputs": {},
  "resources": [
    {
      "mode": "managed",
      "type": "local_file",
      "name": "game",
      "provider": "provider[\"registry.terraform.io/hashicorp/local\"]",
      "instances": [
        {
          "schema_version": 0,
          "attributes": {
            "content": "The current time ID is 2022-02-22T01:58:05Z",
            "content_base64": null,
            "directory_permission": "0777",
            "file_permission": "0777",
            "filename": "./time.txt",
            "id": "90d1173f54fe07d58daa463f6edb0fc202a04d2f",
            "sensitive_content": null,
            "source": null
          },
          "sensitive_attributes": [],
          "private": "bnVsbA==",
          "dependencies": [
            "time_static.time_id"
          ]
        }
      ]
    },
    {
      "mode": "managed",
      "type": "time_static",
      "name": "time_id",
      "provider": "provider[\"registry.terraform.io/hashicorp/time\"]",
      "instances": [
        {
          "schema_version": 0,
          "attributes": {
            "day": 22,
            "hour": 1,
            "id": "2022-02-22T01:58:05Z",
            "minute": 58,
            "month": 2,
            "rfc3339": "2022-02-22T01:58:05Z",
            "second": 5,
            "triggers": null,
            "unix": 1645495085,
            "year": 2022
          },
          "sensitive_attributes": [],
          "private": "bnVsbA=="
        }
      ]
    }
  ]
}
